{
  "name": "wanf-language-support",
  "version": "0.1.0",
  "lockfileVersion": 3,
  "requires": true,
  "packages": {
    "": {
      "name": "wanf-language-support",
      "version": "0.1.0",
      "devDependencies": {
        "@types/node": "^18.x",
        "@types/vscode": "^1.70.0",
        "@typescript/native-preview": "7.0.0-dev.20250805.1"
      },
      "engines": {
        "vscode": "^1.70.0"
      }
    },
    "node_modules/@types/node": {
      "version": "18.19.121",
      "resolved": "https://registry.npmjs.org/@types/node/-/node-18.19.121.tgz",
      "integrity": "sha512-bHOrbyztmyYIi4f1R0s17QsPs1uyyYnGcXeZoGEd227oZjry0q6XQBQxd82X1I57zEfwO8h9Xo+Kl5gX1d9MwQ==",
      "dev": true,
      "dependencies": {
        "undici-types": "~5.26.4"
      }
    },
    "node_modules/@types/vscode": {
      "version": "1.102.0",
      "resolved": "https://registry.npmjs.org/@types/vscode/-/vscode-1.102.0.tgz",
      "integrity": "sha512-V9sFXmcXz03FtYTSUsYsu5K0Q9wH9w9V25slddcxrh5JgORD14LpnOA7ov0L9ALi+6HrTjskLJ/tY5zeRF3TFA==",
      "dev": true
    },
    "node_modules/@typescript/native-preview": {
      "version": "7.0.0-dev.20250805.1",
      "resolved": "https://registry.npmjs.org/@typescript/native-preview/-/native-preview-7.0.0-dev.20250805.1.tgz",
      "integrity": "sha512-Ma1BWxSp/T4cKQgW3LJSn0n9zfT6WMDvEsroubbP68PMMchGwZNlhLmbzBbczoMZDXWbo88oPCmEPPGuCIlVXQ==",
      "dev": true,
      "bin": {
        "tsgo": "bin/tsgo.js"
      },
      "engines": {
        "node": ">=20.6.0"
      },
      "optionalDependencies": {
        "@typescript/native-preview-darwin-arm64": "7.0.0-dev.20250805.1",
        "@typescript/native-preview-darwin-x64": "7.0.0-dev.20250805.1",
        "@typescript/native-preview-linux-arm": "7.0.0-dev.20250805.1",
        "@typescript/native-preview-linux-arm64": "7.0.0-dev.20250805.1",
        "@typescript/native-preview-linux-x64": "7.0.0-dev.20250805.1",
        "@typescript/native-preview-win32-arm64": "7.0.0-dev.20250805.1",
        "@typescript/native-preview-win32-x64": "7.0.0-dev.20250805.1"
      }
    },
    "node_modules/@typescript/native-preview-darwin-arm64": {
      "version": "7.0.0-dev.20250805.1",
      "resolved": "https://registry.npmjs.org/@typescript/native-preview-darwin-arm64/-/native-preview-darwin-arm64-7.0.0-dev.20250805.1.tgz",
      "integrity": "sha512-zde7Znjvzx+leJmOCR8FxTBG14sw8r6o8Uz9gaFjv5ziM84NxsRWH2x7Qi92mtC7Dpjl6HFyMH0O7V2MnQBiAA==",
      "cpu": [
        "arm64"
      ],
      "dev": true,
      "optional": true,
      "os": [
        "darwin"
      ],
      "engines": {
        "node": ">=20.6.0"
      }
    },
    "node_modules/@typescript/native-preview-darwin-x64": {
      "version": "7.0.0-dev.20250805.1",
      "resolved": "https://registry.npmjs.org/@typescript/native-preview-darwin-x64/-/native-preview-darwin-x64-7.0.0-dev.20250805.1.tgz",
      "integrity": "sha512-/SPr/zuISYr61JNF8Y6H3hz0pAjqPUPI+K1tpKdPytdddLsHUL0JPV6Lo0jRHyGchUyBINQa3Ur5xgmEEHHWsg==",
      "cpu": [
        "x64"
      ],
      "dev": true,
      "optional": true,
      "os": [
        "darwin"
      ],
      "engines": {
        "node": ">=20.6.0"
      }
    },
    "node_modules/@typescript/native-preview-linux-arm": {
      "version": "7.0.0-dev.20250805.1",
      "resolved": "https://registry.npmjs.org/@typescript/native-preview-linux-arm/-/native-preview-linux-arm-7.0.0-dev.20250805.1.tgz",
      "integrity": "sha512-1uHvm/fadBA9RsgDAgQqh5s0Fnpp0GF/AfraD1gCkUYTIWOQKa00SSnuWKNgZLEoUn6mceVjAh4bpetOZrnB1Q==",
      "cpu": [
        "arm"
      ],
      "dev": true,
      "optional": true,
      "os": [
        "linux"
      ],
      "engines": {
        "node": ">=20.6.0"
      }
    },
    "node_modules/@typescript/native-preview-linux-arm64": {
      "version": "7.0.0-dev.20250805.1",
      "resolved": "https://registry.npmjs.org/@typescript/native-preview-linux-arm64/-/native-preview-linux-arm64-7.0.0-dev.20250805.1.tgz",
      "integrity": "sha512-YGD2wrzoRta9avc7tmCSQ7Bkp6darqtG7Sk6oFqoM0x/hqzWM1iNUNbDDkcuUqRhwT6lIileKeOCg0idmlwPfg==",
      "cpu": [
        "arm64"
      ],
      "dev": true,
      "optional": true,
      "os": [
        "linux"
      ],
      "engines": {
        "node": ">=20.6.0"
      }
    },
    "node_modules/@typescript/native-preview-linux-x64": {
      "version": "7.0.0-dev.20250805.1",
      "resolved": "https://registry.npmjs.org/@typescript/native-preview-linux-x64/-/native-preview-linux-x64-7.0.0-dev.20250805.1.tgz",
      "integrity": "sha512-VJbCgCEyPi+zL4ZIaASKwPpzm5hWB11mu+9R7Ut+hX9NQ6WaighiNJilWgCKNxa7/7BsAqa2VGTGUcz+62qWKA==",
      "cpu": [
        "x64"
      ],
      "dev": true,
      "optional": true,
      "os": [
        "linux"
      ],
      "engines": {
        "node": ">=20.6.0"
      }
    },
    "node_modules/@typescript/native-preview-win32-arm64": {
      "version": "7.0.0-dev.20250805.1",
      "resolved": "https://registry.npmjs.org/@typescript/native-preview-win32-arm64/-/native-preview-win32-arm64-7.0.0-dev.20250805.1.tgz",
      "integrity": "sha512-qptMfyam9YSkKSQ0aF5HrgIkBGgpASsD8q88yN5RhA4irbf0GO5phmii3BzKYS93PN3saYVW6DVJQYhBh9qy6g==",
      "cpu": [
        "arm64"
      ],
      "dev": true,
      "optional": true,
      "os": [
        "win32"
      ],
      "engines": {
        "node": ">=20.6.0"
      }
    },
    "node_modules/@typescript/native-preview-win32-x64": {
      "version": "7.0.0-dev.20250805.1",
      "resolved": "https://registry.npmjs.org/@typescript/native-preview-win32-x64/-/native-preview-win32-x64-7.0.0-dev.20250805.1.tgz",
      "integrity": "sha512-urtTmSfc8/CkE8zWV3+WN5k8rbBZqYaP2xQeNbkJNAO0+eM7DdKvWzen1ehJuHkk3TJ5t4mLj45G4nN50D2PIQ==",
      "cpu": [
        "x64"
      ],
      "dev": true,
      "optional": true,
      "os": [
        "win32"
      ],
      "engines": {
        "node": ">=20.6.0"
      }
    },
    "node_modules/undici-types": {
      "version": "5.26.5",
      "resolved": "https://registry.npmjs.org/undici-types/-/undici-types-5.26.5.tgz",
      "integrity": "sha512-JlCMO+ehdEIKqlFxk6IfVoAUVmgz7cU7zD/h9XZ0qzeosSHmUJVOzSQvvYSYWXkFXC+IfLKSIffhv0sVZup6pA==",
      "dev": true
    }
  }
}
